
Microsoft Visual Studio Solution File, Format Version 11.00
# Visual Studio 2010
Project("{FAE04EC0-301F-11D3-BF4B-00C04F79EFBC}") = "KKdraw", "LRFViewer\KKdraw.csproj", "{2D7206BE-A81A-4A08-9131-126AF2C34394}"
EndProject
Global
	GlobalSection(SolutionConfigurationPlatforms) = preSolution
		Debug|x86 = Debug|x86
		Release|x86 = Release|x86
	EndGlobalSection
	GlobalSection(ProjectConfigurationPlatforms) = postSolution
		{2D7206BE-A81A-4A08-9131-126AF2C34394}.Debug|x86.ActiveCfg = Debug|x86
		{2D7206BE-A81A-4A08-9131-126AF2C34394}.Debug|x86.Build.0 = Debug|x86
		{2D7206BE-A81A-4A08-9131-126AF2C34394}.Release|x86.ActiveCfg = Release|x86
		{2D7206BE-A81A-4A08-9131-126AF2C34394}.Release|x86.Build.0 = Release|x86
	EndGlobalSection
	GlobalSection(SolutionProperties) = preSolution
		HideSolutionNode = FALSE
	EndGlobalSection
EndGlobal
